{
  "version": 4,
  "terraform_version": "1.3.3",
  "serial": 267,
  "lineage": "a22e130e-d04b-ea28-eb0e-2c5295ca2e5f",
  "outputs": {
    "image_name": {
      "value": "gcr.io/terraform-31308/test:1680006126",
      "type": "string"
    },
    "instance_external_ip": {
      "value": "34.71.201.149",
      "type": "string"
    }
  },
  "resources": [
    {
      "mode": "data",
      "type": "google_client_config",
      "name": "default",
      "provider": "provider[\"registry.terraform.io/hashicorp/google\"]",
      "instances": [
        {
          "schema_version": 0,
          "attributes": {
            "access_token": "ya29.a0Ael9sCOyU1uv8WQvrRI-XF-GqlYAE7ii8Kt7Wy0PD-BOTuY2qGvsWA9o1dUHcAznqFASEtFydcQCre8rYwzIrro0nJkJs0KdToMj50A0ciPQsCrAjzWvh9xdu0EF2Z1VuGu1eZ_hAuqxCgjbv0MduIlmuI-Ed01IaCgYKAa4SARASFQF4udJh8xUw4tIvS8HcdtRnYcB2cQ0167",
            "id": "projects/terraform-31308/regions/us-central1/zones/",
            "project": "terraform-31308",
            "region": "us-central1",
            "zone": ""
          },
          "sensitive_attributes": []
        }
      ]
    },
    {
      "mode": "managed",
      "type": "docker_image",
      "name": "main",
      "provider": "provider[\"registry.terraform.io/kreuzwerker/docker\"]",
      "instances": [
        {
          "schema_version": 0,
          "attributes": {
            "build": [
              {
                "auth_config": [],
                "build_arg": null,
                "build_args": null,
                "build_id": "",
                "cache_from": [],
                "cgroup_parent": "",
                "context": "./Dockerize_me/.",
                "cpu_period": null,
                "cpu_quota": null,
                "cpu_set_cpus": "",
                "cpu_set_mems": "",
                "cpu_shares": null,
                "dockerfile": "Dockerfile",
                "extra_hosts": [],
                "force_remove": null,
                "isolation": "",
                "label": null,
                "labels": null,
                "memory": null,
                "memory_swap": null,
                "network_mode": "",
                "no_cache": true,
                "platform": "",
                "pull_parent": null,
                "remote_context": "",
                "remove": true,
                "security_opt": [],
                "session_id": "",
                "shm_size": null,
                "squash": null,
                "suppress_output": null,
                "tag": [],
                "target": "",
                "ulimit": [],
                "version": ""
              }
            ],
            "force_remove": null,
            "id": "sha256:b447fca40caf546980404a6904a4f07c768122ff5cef28b17113b9224a114e95gcr.io/terraform-31308/test:1680006126",
            "image_id": "sha256:b447fca40caf546980404a6904a4f07c768122ff5cef28b17113b9224a114e95",
            "keep_locally": null,
            "name": "gcr.io/terraform-31308/test:1680006126",
            "platform": null,
            "pull_triggers": null,
            "repo_digest": "",
            "triggers": null
          },
          "sensitive_attributes": [],
          "private": "bnVsbA==",
          "dependencies": [
            "google_project_service.gcr_api",
            "time_static.tag"
          ]
        }
      ]
    },
    {
      "mode": "managed",
      "type": "docker_registry_image",
      "name": "main",
      "provider": "provider[\"registry.terraform.io/kreuzwerker/docker\"]",
      "instances": [
        {
          "schema_version": 0,
          "attributes": {
            "id": "sha256:7d3e16578bde11bacc40a0732d040a1d4956263cf128550c3c772a02d6034485",
            "insecure_skip_verify": false,
            "keep_remotely": true,
            "name": "gcr.io/terraform-31308/test:1680006126",
            "sha256_digest": "sha256:7d3e16578bde11bacc40a0732d040a1d4956263cf128550c3c772a02d6034485",
            "triggers": null
          },
          "sensitive_attributes": [],
          "private": "bnVsbA==",
          "dependencies": [
            "docker_image.main",
            "google_project_service.gcr_api",
            "time_static.tag"
          ]
        }
      ]
    },
    {
      "mode": "managed",
      "type": "google_compute_firewall",
      "name": "main",
      "provider": "provider[\"registry.terraform.io/hashicorp/google\"]",
      "instances": [
        {
          "schema_version": 1,
          "attributes": {
            "allow": [
              {
                "ports": [
                  "22",
                  "80",
                  "8080"
                ],
                "protocol": "tcp"
              }
            ],
            "creation_timestamp": "2023-03-28T05:22:28.717-07:00",
            "deny": [],
            "description": "",
            "destination_ranges": [],
            "direction": "INGRESS",
            "disabled": false,
            "enable_logging": null,
            "id": "projects/terraform-31308/global/firewalls/shh",
            "log_config": [],
            "name": "shh",
            "network": "https://www.googleapis.com/compute/v1/projects/terraform-31308/global/networks/main-vpc",
            "priority": 1000,
            "project": "terraform-31308",
            "self_link": "https://www.googleapis.com/compute/v1/projects/terraform-31308/global/firewalls/shh",
            "source_ranges": [
              "0.0.0.0/0"
            ],
            "source_service_accounts": null,
            "source_tags": null,
            "target_service_accounts": null,
            "target_tags": null,
            "timeouts": null
          },
          "sensitive_attributes": [],
          "private": "eyJlMmJmYjczMC1lY2FhLTExZTYtOGY4OC0zNDM2M2JjN2M0YzAiOnsiY3JlYXRlIjoxMjAwMDAwMDAwMDAwLCJkZWxldGUiOjEyMDAwMDAwMDAwMDAsInVwZGF0ZSI6MTIwMDAwMDAwMDAwMH0sInNjaGVtYV92ZXJzaW9uIjoiMSJ9",
          "dependencies": [
            "google_compute_network.main"
          ]
        }
      ]
    },
    {
      "mode": "managed",
      "type": "google_compute_instance",
      "name": "main",
      "provider": "provider[\"registry.terraform.io/hashicorp/google\"]",
      "instances": [
        {
          "schema_version": 6,
          "attributes": {
            "advanced_machine_features": [],
            "allow_stopping_for_update": true,
            "attached_disk": [],
            "boot_disk": [
              {
                "auto_delete": true,
                "device_name": "persistent-disk-0",
                "disk_encryption_key_raw": "",
                "disk_encryption_key_sha256": "",
                "initialize_params": [
                  {
                    "image": "https://www.googleapis.com/compute/v1/projects/ubuntu-os-cloud/global/images/ubuntu-2004-focal-v20230302",
                    "labels": {},
                    "size": 10,
                    "type": "pd-standard"
                  }
                ],
                "kms_key_self_link": "",
                "mode": "READ_WRITE",
                "source": "https://www.googleapis.com/compute/v1/projects/terraform-31308/zones/us-central1-a/disks/example-instance"
              }
            ],
            "can_ip_forward": false,
            "confidential_instance_config": [],
            "cpu_platform": "Intel Haswell",
            "current_status": "RUNNING",
            "deletion_protection": false,
            "description": "",
            "desired_status": null,
            "enable_display": false,
            "guest_accelerator": [],
            "hostname": "",
            "id": "projects/terraform-31308/zones/us-central1-a/instances/example-instance",
            "instance_id": "6859778651400921852",
            "label_fingerprint": "42WmSpB8rSM=",
            "labels": null,
            "machine_type": "n1-standard-1",
            "metadata": {
              "google-container-registry-email": "anyvalue",
              "google-container-registry-password": "ya29.a0Ael9sCOyU1uv8WQvrRI-XF-GqlYAE7ii8Kt7Wy0PD-BOTuY2qGvsWA9o1dUHcAznqFASEtFydcQCre8rYwzIrro0nJkJs0KdToMj50A0ciPQsCrAjzWvh9xdu0EF2Z1VuGu1eZ_hAuqxCgjbv0MduIlmuI-Ed01IaCgYKAa4SARASFQF4udJh8xUw4tIvS8HcdtRnYcB2cQ0167",
              "google-container-registry-server": "https://gcr.io",
              "google-container-registry-username": "_json_key"
            },
            "metadata_fingerprint": "309_508DmJA=",
            "metadata_startup_script": "#!/bin/bash\r\napt-get update\r\napt-get install ca-certificates\r\napt-get install curl -y\r\napt-get install gnupg\r\napt-get install lsb-release\r\nmkdir -m 0755 -p /etc/apt/keyrings\r\ncurl -fsSL https://download.docker.com/linux/ubuntu/gpg | sudo gpg --dearmor -o /etc/apt/keyrings/docker.gpg\r\necho \\\r\n  \"deb [arch=$(dpkg --print-architecture) signed-by=/etc/apt/keyrings/docker.gpg] https://download.docker.com/linux/ubuntu \\\r\n  $(lsb_release -cs) stable\" | sudo tee /etc/apt/sources.list.d/docker.list \u003e /dev/null\r\napt-get update\r\napt-get -y install docker-ce docker-ce-cli containerd.io docker-buildx-plugin docker-compose-plugin\r\n",
            "min_cpu_platform": "",
            "name": "example-instance",
            "network_interface": [
              {
                "access_config": [
                  {
                    "nat_ip": "34.71.201.149",
                    "network_tier": "PREMIUM",
                    "public_ptr_domain_name": ""
                  }
                ],
                "alias_ip_range": [],
                "ipv6_access_config": [],
                "ipv6_access_type": "",
                "name": "nic0",
                "network": "https://www.googleapis.com/compute/v1/projects/terraform-31308/global/networks/main-vpc",
                "network_ip": "10.0.1.2",
                "nic_type": "",
                "queue_count": 0,
                "stack_type": "IPV4_ONLY",
                "subnetwork": "https://www.googleapis.com/compute/v1/projects/terraform-31308/regions/us-central1/subnetworks/main-subnet",
                "subnetwork_project": "terraform-31308"
              }
            ],
            "project": "terraform-31308",
            "reservation_affinity": [],
            "resource_policies": null,
            "scheduling": [
              {
                "automatic_restart": true,
                "instance_termination_action": "",
                "min_node_cpus": 0,
                "node_affinities": [],
                "on_host_maintenance": "MIGRATE",
                "preemptible": false,
                "provisioning_model": "STANDARD"
              }
            ],
            "scratch_disk": [],
            "self_link": "https://www.googleapis.com/compute/v1/projects/terraform-31308/zones/us-central1-a/instances/example-instance",
            "service_account": [
              {
                "email": "registry-access@terraform-31308.iam.gserviceaccount.com",
                "scopes": [
                  "https://www.googleapis.com/auth/cloud-platform"
                ]
              }
            ],
            "shielded_instance_config": [
              {
                "enable_integrity_monitoring": true,
                "enable_secure_boot": false,
                "enable_vtpm": true
              }
            ],
            "tags": null,
            "tags_fingerprint": "42WmSpB8rSM=",
            "timeouts": null,
            "zone": "us-central1-a"
          },
          "sensitive_attributes": [
            [
              {
                "type": "get_attr",
                "value": "metadata"
              },
              {
                "type": "index",
                "value": {
                  "value": "google-container-registry-password",
                  "type": "string"
                }
              }
            ]
          ],
          "private": "eyJlMmJmYjczMC1lY2FhLTExZTYtOGY4OC0zNDM2M2JjN2M0YzAiOnsiY3JlYXRlIjoxMjAwMDAwMDAwMDAwLCJkZWxldGUiOjEyMDAwMDAwMDAwMDAsInVwZGF0ZSI6MTIwMDAwMDAwMDAwMH0sInNjaGVtYV92ZXJzaW9uIjoiNiJ9",
          "dependencies": [
            "data.google_client_config.default",
            "google_compute_network.main",
            "google_compute_subnetwork.main",
            "google_service_account.registry_access"
          ]
        }
      ]
    },
    {
      "mode": "managed",
      "type": "google_compute_network",
      "name": "main",
      "provider": "provider[\"registry.terraform.io/hashicorp/google\"]",
      "instances": [
        {
          "schema_version": 0,
          "attributes": {
            "auto_create_subnetworks": false,
            "delete_default_routes_on_create": false,
            "description": "",
            "enable_ula_internal_ipv6": false,
            "gateway_ipv4": "",
            "id": "projects/terraform-31308/global/networks/main-vpc",
            "internal_ipv6_range": "",
            "mtu": 0,
            "name": "main-vpc",
            "project": "terraform-31308",
            "routing_mode": "REGIONAL",
            "self_link": "https://www.googleapis.com/compute/v1/projects/terraform-31308/global/networks/main-vpc",
            "timeouts": null
          },
          "sensitive_attributes": [],
          "private": "eyJlMmJmYjczMC1lY2FhLTExZTYtOGY4OC0zNDM2M2JjN2M0YzAiOnsiY3JlYXRlIjoxMjAwMDAwMDAwMDAwLCJkZWxldGUiOjEyMDAwMDAwMDAwMDAsInVwZGF0ZSI6MTIwMDAwMDAwMDAwMH19"
        }
      ]
    },
    {
      "mode": "managed",
      "type": "google_compute_subnetwork",
      "name": "main",
      "provider": "provider[\"registry.terraform.io/hashicorp/google\"]",
      "instances": [
        {
          "schema_version": 0,
          "attributes": {
            "creation_timestamp": "2023-03-28T05:22:28.830-07:00",
            "description": "",
            "external_ipv6_prefix": "",
            "fingerprint": null,
            "gateway_address": "10.0.1.1",
            "id": "projects/terraform-31308/regions/us-central1/subnetworks/main-subnet",
            "ip_cidr_range": "10.0.1.0/24",
            "ipv6_access_type": "",
            "ipv6_cidr_range": "",
            "log_config": [],
            "name": "main-subnet",
            "network": "https://www.googleapis.com/compute/v1/projects/terraform-31308/global/networks/main-vpc",
            "private_ip_google_access": false,
            "private_ipv6_google_access": "DISABLE_GOOGLE_ACCESS",
            "project": "terraform-31308",
            "purpose": "PRIVATE",
            "region": "us-central1",
            "role": "",
            "secondary_ip_range": [],
            "self_link": "https://www.googleapis.com/compute/v1/projects/terraform-31308/regions/us-central1/subnetworks/main-subnet",
            "stack_type": "IPV4_ONLY",
            "timeouts": null
          },
          "sensitive_attributes": [],
          "private": "eyJlMmJmYjczMC1lY2FhLTExZTYtOGY4OC0zNDM2M2JjN2M0YzAiOnsiY3JlYXRlIjoxMjAwMDAwMDAwMDAwLCJkZWxldGUiOjEyMDAwMDAwMDAwMDAsInVwZGF0ZSI6MTIwMDAwMDAwMDAwMH19",
          "dependencies": [
            "google_compute_network.main"
          ]
        }
      ]
    },
    {
      "mode": "managed",
      "type": "google_project_iam_member",
      "name": "Admin",
      "provider": "provider[\"registry.terraform.io/hashicorp/google\"]",
      "instances": [
        {
          "schema_version": 0,
          "attributes": {
            "condition": [],
            "etag": "BwX39Oli8k4=",
            "id": "terraform-31308/roles/storage.objectAdmin/serviceAccount:registry-access@terraform-31308.iam.gserviceaccount.com",
            "member": "serviceAccount:registry-access@terraform-31308.iam.gserviceaccount.com",
            "project": "terraform-31308",
            "role": "roles/storage.objectAdmin"
          },
          "sensitive_attributes": [],
          "private": "bnVsbA==",
          "dependencies": [
            "google_service_account.registry_access"
          ]
        }
      ]
    },
    {
      "mode": "managed",
      "type": "google_project_iam_member",
      "name": "viewer",
      "provider": "provider[\"registry.terraform.io/hashicorp/google\"]",
      "instances": [
        {
          "schema_version": 0,
          "attributes": {
            "condition": [],
            "etag": "BwX39Oli8k4=",
            "id": "terraform-31308/roles/storage.objectViewer/serviceAccount:registry-access@terraform-31308.iam.gserviceaccount.com",
            "member": "serviceAccount:registry-access@terraform-31308.iam.gserviceaccount.com",
            "project": "terraform-31308",
            "role": "roles/storage.objectViewer"
          },
          "sensitive_attributes": [],
          "private": "bnVsbA==",
          "dependencies": [
            "google_service_account.registry_access"
          ]
        }
      ]
    },
    {
      "mode": "managed",
      "type": "google_project_service",
      "name": "gcr_api",
      "provider": "provider[\"registry.terraform.io/hashicorp/google\"]",
      "instances": [
        {
          "schema_version": 0,
          "attributes": {
            "disable_dependent_services": null,
            "disable_on_destroy": true,
            "id": "terraform-31308/containerregistry.googleapis.com",
            "project": "terraform-31308",
            "service": "containerregistry.googleapis.com",
            "timeouts": null
          },
          "sensitive_attributes": [],
          "private": "eyJlMmJmYjczMC1lY2FhLTExZTYtOGY4OC0zNDM2M2JjN2M0YzAiOnsiY3JlYXRlIjoxMjAwMDAwMDAwMDAwLCJkZWxldGUiOjEyMDAwMDAwMDAwMDAsInJlYWQiOjYwMDAwMDAwMDAwMCwidXBkYXRlIjoxMjAwMDAwMDAwMDAwfX0="
        }
      ]
    },
    {
      "mode": "managed",
      "type": "google_service_account",
      "name": "registry_access",
      "provider": "provider[\"registry.terraform.io/hashicorp/google\"]",
      "instances": [
        {
          "schema_version": 0,
          "attributes": {
            "account_id": "registry-access",
            "description": "",
            "disabled": false,
            "display_name": "Service account for accessing the Container Registry",
            "email": "registry-access@terraform-31308.iam.gserviceaccount.com",
            "id": "projects/terraform-31308/serviceAccounts/registry-access@terraform-31308.iam.gserviceaccount.com",
            "member": "serviceAccount:registry-access@terraform-31308.iam.gserviceaccount.com",
            "name": "projects/terraform-31308/serviceAccounts/registry-access@terraform-31308.iam.gserviceaccount.com",
            "project": "terraform-31308",
            "timeouts": null,
            "unique_id": "115624930445851724966"
          },
          "sensitive_attributes": [],
          "private": "eyJlMmJmYjczMC1lY2FhLTExZTYtOGY4OC0zNDM2M2JjN2M0YzAiOnsiY3JlYXRlIjozMDAwMDAwMDAwMDB9fQ=="
        }
      ]
    },
    {
      "mode": "managed",
      "type": "time_static",
      "name": "tag",
      "provider": "provider[\"registry.terraform.io/hashicorp/time\"]",
      "instances": [
        {
          "schema_version": 0,
          "attributes": {
            "day": 28,
            "hour": 12,
            "id": "2023-03-28T12:22:06Z",
            "minute": 22,
            "month": 3,
            "rfc3339": "2023-03-28T12:22:06Z",
            "second": 6,
            "triggers": null,
            "unix": 1680006126,
            "year": 2023
          },
          "sensitive_attributes": []
        }
      ]
    }
  ],
  "check_results": []
}
